// !$*UTF8*$!
{
	archiveVersion = 1;
	classes = {
	};
	objectVersion = 55;
	objects = {

/* Begin PBXBuildFile section */
		C233BBC7280CF3900057A9AC /* Movie.swift in Sources */ = {isa = PBXBuildFile; fileRef = C233BBC6280CF3900057A9AC /* Movie.swift */; };
		C233BBCA280CF60C0057A9AC /* MovieTableViewCell.swift in Sources */ = {isa = PBXBuildFile; fileRef = C233BBC9280CF60C0057A9AC /* MovieTableViewCell.swift */; };
		C233BBCC280CF61D0057A9AC /* MovieSearchTableViewController.swift in Sources */ = {isa = PBXBuildFile; fileRef = C233BBCB280CF61D0057A9AC /* MovieSearchTableViewController.swift */; };
		C233BBD9280D06CF0057A9AC /* MovieNetworkController.swift in Sources */ = {isa = PBXBuildFile; fileRef = C233BBD8280D06CF0057A9AC /* MovieNetworkController.swift */; };
		C250678B280CED19001DE4A8 /* AppDelegate.swift in Sources */ = {isa = PBXBuildFile; fileRef = C250678A280CED19001DE4A8 /* AppDelegate.swift */; };
		C250678D280CED19001DE4A8 /* SceneDelegate.swift in Sources */ = {isa = PBXBuildFile; fileRef = C250678C280CED19001DE4A8 /* SceneDelegate.swift */; };
		C2506792280CED19001DE4A8 /* Main.storyboard in Resources */ = {isa = PBXBuildFile; fileRef = C2506790280CED19001DE4A8 /* Main.storyboard */; };
		C2506794280CED1B001DE4A8 /* Assets.xcassets in Resources */ = {isa = PBXBuildFile; fileRef = C2506793280CED1B001DE4A8 /* Assets.xcassets */; };
		C251FE4B280D136400A33BA5 /* DataHelper.swift in Sources */ = {isa = PBXBuildFile; fileRef = C251FE4A280D136400A33BA5 /* DataHelper.swift */; };
		C251FE4E280D146500A33BA5 /* MovieDetailsViewController.swift in Sources */ = {isa = PBXBuildFile; fileRef = C251FE4D280D146500A33BA5 /* MovieDetailsViewController.swift */; };
/* End PBXBuildFile section */

/* Begin PBXFileReference section */
		C233BBC6280CF3900057A9AC /* Movie.swift */ = {isa = PBXFileReference; lastKnownFileType = sourcecode.swift; path = Movie.swift; sourceTree = "<group>"; };
		C233BBC9280CF60C0057A9AC /* MovieTableViewCell.swift */ = {isa = PBXFileReference; lastKnownFileType = sourcecode.swift; path = MovieTableViewCell.swift; sourceTree = "<group>"; };
		C233BBCB280CF61D0057A9AC /* MovieSearchTableViewController.swift */ = {isa = PBXFileReference; lastKnownFileType = sourcecode.swift; path = MovieSearchTableViewController.swift; sourceTree = "<group>"; };
		C233BBD8280D06CF0057A9AC /* MovieNetworkController.swift */ = {isa = PBXFileReference; lastKnownFileType = sourcecode.swift; path = MovieNetworkController.swift; sourceTree = "<group>"; };
		C2506787280CED19001DE4A8 /* TakeHomeProject.app */ = {isa = PBXFileReference; explicitFileType = wrapper.application; includeInIndex = 0; path = TakeHomeProject.app; sourceTree = BUILT_PRODUCTS_DIR; };
		C250678A280CED19001DE4A8 /* AppDelegate.swift */ = {isa = PBXFileReference; lastKnownFileType = sourcecode.swift; path = AppDelegate.swift; sourceTree = "<group>"; };
		C250678C280CED19001DE4A8 /* SceneDelegate.swift */ = {isa = PBXFileReference; lastKnownFileType = sourcecode.swift; path = SceneDelegate.swift; sourceTree = "<group>"; };
		C2506791280CED19001DE4A8 /* Base */ = {isa = PBXFileReference; lastKnownFileType = file.storyboard; name = Base; path = Base.lproj/Main.storyboard; sourceTree = "<group>"; };
		C2506793280CED1B001DE4A8 /* Assets.xcassets */ = {isa = PBXFileReference; lastKnownFileType = folder.assetcatalog; path = Assets.xcassets; sourceTree = "<group>"; };
		C2506798280CED1B001DE4A8 /* Info.plist */ = {isa = PBXFileReference; lastKnownFileType = text.plist.xml; path = Info.plist; sourceTree = "<group>"; };
		C251FE4A280D136400A33BA5 /* DataHelper.swift */ = {isa = PBXFileReference; lastKnownFileType = sourcecode.swift; path = DataHelper.swift; sourceTree = "<group>"; };
		C251FE4D280D146500A33BA5 /* MovieDetailsViewController.swift */ = {isa = PBXFileReference; lastKnownFileType = sourcecode.swift; path = MovieDetailsViewController.swift; sourceTree = "<group>"; };
/* End PBXFileReference section */

/* Begin PBXFrameworksBuildPhase section */
		C2506784280CED19001DE4A8 /* Frameworks */ = {
			isa = PBXFrameworksBuildPhase;
			buildActionMask = 2147483647;
			files = (
			);
			runOnlyForDeploymentPostprocessing = 0;
		};
/* End PBXFrameworksBuildPhase section */

/* Begin PBXGroup section */
		C233BBC4280CF36C0057A9AC /* Model */ = {
			isa = PBXGroup;
			children = (
				C233BBC6280CF3900057A9AC /* Movie.swift */,
			);
			path = Model;
			sourceTree = "<group>";
		};
		C233BBC5280CF37B0057A9AC /* View */ = {
			isa = PBXGroup;
			children = (
				C2506790280CED19001DE4A8 /* Main.storyboard */,
			);
			path = View;
			sourceTree = "<group>";
		};
		C233BBC8280CF5BF0057A9AC /* MovieSearch */ = {
			isa = PBXGroup;
			children = (
				C233BBCB280CF61D0057A9AC /* MovieSearchTableViewController.swift */,
				C233BBC9280CF60C0057A9AC /* MovieTableViewCell.swift */,
			);
			path = MovieSearch;
			sourceTree = "<group>";
		};
		C233BBCF280CF83C0057A9AC /* NetworkController */ = {
			isa = PBXGroup;
			children = (
				C233BBD8280D06CF0057A9AC /* MovieNetworkController.swift */,
			);
			path = NetworkController;
			sourceTree = "<group>";
		};
		C250677E280CED19001DE4A8 = {
			isa = PBXGroup;
			children = (
				C2506789280CED19001DE4A8 /* TakeHomeProject */,
				C2506788280CED19001DE4A8 /* Products */,
			);
			sourceTree = "<group>";
		};
		C2506788280CED19001DE4A8 /* Products */ = {
			isa = PBXGroup;
			children = (
				C2506787280CED19001DE4A8 /* TakeHomeProject.app */,
			);
			name = Products;
			sourceTree = "<group>";
		};
		C2506789280CED19001DE4A8 /* TakeHomeProject */ = {
			isa = PBXGroup;
			children = (
				C233BBCF280CF83C0057A9AC /* NetworkController */,
				C233BBC8280CF5BF0057A9AC /* MovieSearch */,
				C251FE4C280D143700A33BA5 /* MovieDetails */,
				C233BBC4280CF36C0057A9AC /* Model */,
				C233BBC5280CF37B0057A9AC /* View */,
				C250679E280CED3B001DE4A8 /* Resources */,
			);
			path = TakeHomeProject;
			sourceTree = "<group>";
		};
		C250679E280CED3B001DE4A8 /* Resources */ = {
			isa = PBXGroup;
			children = (
				C251FE4A280D136400A33BA5 /* DataHelper.swift */,
				C250678A280CED19001DE4A8 /* AppDelegate.swift */,
				C250678C280CED19001DE4A8 /* SceneDelegate.swift */,
				C2506793280CED1B001DE4A8 /* Assets.xcassets */,
				C2506798280CED1B001DE4A8 /* Info.plist */,
			);
			path = Resources;
			sourceTree = "<group>";
		};
		C251FE4C280D143700A33BA5 /* MovieDetails */ = {
			isa = PBXGroup;
			children = (
				C251FE4D280D146500A33BA5 /* MovieDetailsViewController.swift */,
			);
			path = MovieDetails;
			sourceTree = "<group>";
		};
/* End PBXGroup section */

/* Begin PBXNativeTarget section */
		C2506786280CED19001DE4A8 /* TakeHomeProject */ = {
			isa = PBXNativeTarget;
			buildConfigurationList = C250679B280CED1B001DE4A8 /* Build configuration list for PBXNativeTarget "TakeHomeProject" */;
			buildPhases = (
				C2506783280CED19001DE4A8 /* Sources */,
				C2506784280CED19001DE4A8 /* Frameworks */,
				C2506785280CED19001DE4A8 /* Resources */,
			);
			buildRules = (
			);
			dependencies = (
			);
			name = TakeHomeProject;
			productName = TakeHomeProject;
			productReference = C2506787280CED19001DE4A8 /* TakeHomeProject.app */;
			productType = "com.apple.product-type.application";
		};
/* End PBXNativeTarget section */

/* Begin PBXProject section */
		C250677F280CED19001DE4A8 /* Project object */ = {
			isa = PBXProject;
			attributes = {
				BuildIndependentTargetsInParallel = 1;
				LastSwiftUpdateCheck = 1330;
				LastUpgradeCheck = 1330;
				TargetAttributes = {
					C2506786280CED19001DE4A8 = {
						CreatedOnToolsVersion = 13.3.1;
					};
				};
			};
			buildConfigurationList = C2506782280CED19001DE4A8 /* Build configuration list for PBXProject "TakeHomeProject" */;
			compatibilityVersion = "Xcode 13.0";
			developmentRegion = en;
			hasScannedForEncodings = 0;
			knownRegions = (
				en,
				Base,
			);
			mainGroup = C250677E280CED19001DE4A8;
			productRefGroup = C2506788280CED19001DE4A8 /* Products */;
			projectDirPath = "";
			projectRoot = "";
			targets = (
				C2506786280CED19001DE4A8 /* TakeHomeProject */,
			);
		};
/* End PBXProject section */

/* Begin PBXResourcesBuildPhase section */
		C2506785280CED19001DE4A8 /* Resources */ = {
			isa = PBXResourcesBuildPhase;
			buildActionMask = 2147483647;
			files = (
				C2506794280CED1B001DE4A8 /* Assets.xcassets in Resources */,
				C2506792280CED19001DE4A8 /* Main.storyboard in Resources */,
			);
			runOnlyForDeploymentPostprocessing = 0;
		};
/* End PBXResourcesBuildPhase section */

/* Begin PBXSourcesBuildPhase section */
		C2506783280CED19001DE4A8 /* Sources */ = {
			isa = PBXSourcesBuildPhase;
			buildActionMask = 2147483647;
			files = (
				C251FE4E280D146500A33BA5 /* MovieDetailsViewController.swift in Sources */,
				C250678B280CED19001DE4A8 /* AppDelegate.swift in Sources */,
				C250678D280CED19001DE4A8 /* SceneDelegate.swift in Sources */,
				C233BBCA280CF60C0057A9AC /* MovieTableViewCell.swift in Sources */,
				C251FE4B280D136400A33BA5 /* DataHelper.swift in Sources */,
				C233BBC7280CF3900057A9AC /* Movie.swift in Sources */,
				C233BBCC280CF61D0057A9AC /* MovieSearchTableViewController.swift in Sources */,
				C233BBD9280D06CF0057A9AC /* MovieNetworkController.swift in Sources */,
			);
			runOnlyForDeploymentPostprocessing = 0;
		};
/* End PBXSourcesBuildPhase section */

/* Begin PBXVariantGroup section */
		C2506790280CED19001DE4A8 /* Main.storyboard */ = {
			isa = PBXVariantGroup;
			children = (
				C2506791280CED19001DE4A8 /* Base */,
			);
			name = Main.storyboard;
			sourceTree = "<group>";
		};
/* End PBXVariantGroup section */

/* Begin XCBuildConfiguration section */
		C2506799280CED1B001DE4A8 /* Debug */ = {
			isa = XCBuildConfiguration;
			buildSettings = {
				ALWAYS_SEARCH_USER_PATHS = NO;
				CLANG_ANALYZER_NONNULL = YES;
				CLANG_ANALYZER_NUMBER_OBJECT_CONVERSION = YES_AGGRESSIVE;
				CLANG_CXX_LANGUAGE_STANDARD = "gnu++17";
				CLANG_ENABLE_MODULES = YES;
				CLANG_ENABLE_OBJC_ARC = YES;
				CLANG_ENABLE_OBJC_WEAK = YES;
				CLANG_WARN_BLOCK_CAPTURE_AUTORELEASING = YES;
				CLANG_WARN_BOOL_CONVERSION = YES;
				CLANG_WARN_COMMA = YES;
				CLANG_WARN_CONSTANT_CONVERSION = YES;
				CLANG_WARN_DEPRECATED_OBJC_IMPLEMENTATIONS = YES;
				CLANG_WARN_DIRECT_OBJC_ISA_USAGE = YES_ERROR;
				CLANG_WARN_DOCUMENTATION_COMMENTS = YES;
				CLANG_WARN_EMPTY_BODY = YES;
				CLANG_WARN_ENUM_CONVERSION = YES;
				CLANG_WARN_INFINITE_RECURSION = YES;
				CLANG_WARN_INT_CONVERSION = YES;
				CLANG_WARN_NON_LITERAL_NULL_CONVERSION = YES;
				CLANG_WARN_OBJC_IMPLICIT_RETAIN_SELF = YES;
				CLANG_WARN_OBJC_LITERAL_CONVERSION = YES;
				CLANG_WARN_OBJC_ROOT_CLASS = YES_ERROR;
				CLANG_WARN_QUOTED_INCLUDE_IN_FRAMEWORK_HEADER = YES;
				CLANG_WARN_RANGE_LOOP_ANALYSIS = YES;
				CLANG_WARN_STRICT_PROTOTYPES = YES;
				CLANG_WARN_SUSPICIOUS_MOVE = YES;
				CLANG_WARN_UNGUARDED_AVAILABILITY = YES_AGGRESSIVE;
				CLANG_WARN_UNREACHABLE_CODE = YES;
				CLANG_WARN__DUPLICATE_METHOD_MATCH = YES;
				COPY_PHASE_STRIP = NO;
				DEBUG_INFORMATION_FORMAT = dwarf;
				ENABLE_STRICT_OBJC_MSGSEND = YES;
				ENABLE_TESTABILITY = YES;
				GCC_C_LANGUAGE_STANDARD = gnu11;
				GCC_DYNAMIC_NO_PIC = NO;
				GCC_NO_COMMON_BLOCKS = YES;
				GCC_OPTIMIZATION_LEVEL = 0;
				GCC_PREPROCESSOR_DEFINITIONS = (
					"DEBUG=1",
					"$(inherited)",
				);
				GCC_WARN_64_TO_32_BIT_CONVERSION = YES;
				GCC_WARN_ABOUT_RETURN_TYPE = YES_ERROR;
				GCC_WARN_UNDECLARED_SELECTOR = YES;
				GCC_WARN_UNINITIALIZED_AUTOS = YES_AGGRESSIVE;
				GCC_WARN_UNUSED_FUNCTION = YES;
				GCC_WARN_UNUSED_VARIABLE = YES;
				IPHONEOS_DEPLOYMENT_TARGET = 15.4;
				MTL_ENABLE_DEBUG_INFO = INCLUDE_SOURCE;
				MTL_FAST_MATH = YES;
				ONLY_ACTIVE_ARCH = YES;
				SDKROOT = iphoneos;
				SWIFT_ACTIVE_COMPILATION_CONDITIONS = DEBUG;
				SWIFT_OPTIMIZATION_LEVEL = "-Onone";
			};
			name = Debug;
		};
		C250679A280CED1B001DE4A8 /* Release */ = {
			isa = XCBuildConfiguration;
			buildSettings = {
				ALWAYS_SEARCH_USER_PATHS = NO;
				CLANG_ANALYZER_NONNULL = YES;
				CLANG_ANALYZER_NUMBER_OBJECT_CONVERSION = YES_AGGRESSIVE;
				CLANG_CXX_LANGUAGE_STANDARD = "gnu++17";
				CLANG_ENABLE_MODULES = YES;
				CLANG_ENABLE_OBJC_ARC = YES;
				CLANG_ENABLE_OBJC_WEAK = YES;
				CLANG_WARN_BLOCK_CAPTURE_AUTORELEASING = YES;
				CLANG_WARN_BOOL_CONVERSION = YES;
				CLANG_WARN_COMMA = YES;
				CLANG_WARN_CONSTANT_CONVERSION = YES;
				CLANG_WARN_DEPRECATED_OBJC_IMPLEMENTATIONS = YES;
				CLANG_WARN_DIRECT_OBJC_ISA_USAGE = YES_ERROR;
				CLANG_WARN_DOCUMENTATION_COMMENTS = YES;
				CLANG_WARN_EMPTY_BODY = YES;
				CLANG_WARN_ENUM_CONVERSION = YES;
				CLANG_WARN_INFINITE_RECURSION = YES;
				CLANG_WARN_INT_CONVERSION = YES;
				CLANG_WARN_NON_LITERAL_NULL_CONVERSION = YES;
				CLANG_WARN_OBJC_IMPLICIT_RETAIN_SELF = YES;
				CLANG_WARN_OBJC_LITERAL_CONVERSION = YES;
				CLANG_WARN_OBJC_ROOT_CLASS = YES_ERROR;
				CLANG_WARN_QUOTED_INCLUDE_IN_FRAMEWORK_HEADER = YES;
				CLANG_WARN_RANGE_LOOP_ANALYSIS = YES;
				CLANG_WARN_STRICT_PROTOTYPES = YES;
				CLANG_WARN_SUSPICIOUS_MOVE = YES;
				CLANG_WARN_UNGUARDED_AVAILABILITY = YES_AGGRESSIVE;
				CLANG_WARN_UNREACHABLE_CODE = YES;
				CLANG_WARN__DUPLICATE_METHOD_MATCH = YES;
				COPY_PHASE_STRIP = NO;
				DEBUG_INFORMATION_FORMAT = "dwarf-with-dsym";
				ENABLE_NS_ASSERTIONS = NO;
				ENABLE_STRICT_OBJC_MSGSEND = YES;
				GCC_C_LANGUAGE_STANDARD = gnu11;
				GCC_NO_COMMON_BLOCKS = YES;
				GCC_WARN_64_TO_32_BIT_CONVERSION = YES;
				GCC_WARN_ABOUT_RETURN_TYPE = YES_ERROR;
				GCC_WARN_UNDECLARED_SELECTOR = YES;
				GCC_WARN_UNINITIALIZED_AUTOS = YES_AGGRESSIVE;
				GCC_WARN_UNUSED_FUNCTION = YES;
				GCC_WARN_UNUSED_VARIABLE = YES;
				IPHONEOS_DEPLOYMENT_TARGET = 15.4;
				MTL_ENABLE_DEBUG_INFO = NO;
				MTL_FAST_MATH = YES;
				SDKROOT = iphoneos;
				SWIFT_COMPILATION_MODE = wholemodule;
				SWIFT_OPTIMIZATION_LEVEL = "-O";
				VALIDATE_PRODUCT = YES;
			};
			name = Release;
		};
		C250679C280CED1B001DE4A8 /* Debug */ = {
			isa = XCBuildConfiguration;
			buildSettings = {
				ASSETCATALOG_COMPILER_APPICON_NAME = AppIcon;
				ASSETCATALOG_COMPILER_GLOBAL_ACCENT_COLOR_NAME = AccentColor;
				CODE_SIGN_STYLE = Automatic;
				CURRENT_PROJECT_VERSION = 1;
				DEVELOPMENT_TEAM = 9DXP3CGV77;
				GENERATE_INFOPLIST_FILE = YES;
				INFOPLIST_FILE = TakeHomeProject/Resources/Info.plist;
				INFOPLIST_KEY_UIApplicationSupportsIndirectInputEvents = YES;
				INFOPLIST_KEY_UILaunchStoryboardName = LaunchScreen;
				INFOPLIST_KEY_UIMainStoryboardFile = Main;
				INFOPLIST_KEY_UISupportedInterfaceOrientations_iPad = "UIInterfaceOrientationPortrait UIInterfaceOrientationPortraitUpsideDown UIInterfaceOrientationLandscapeLeft UIInterfaceOrientationLandscapeRight";
				INFOPLIST_KEY_UISupportedInterfaceOrientations_iPhone = "UIInterfaceOrientationPortrait UIInterfaceOrientationLandscapeLeft UIInterfaceOrientationLandscapeRight";
				LD_RUNPATH_SEARCH_PATHS = (
					"$(inherited)",
					"@executable_path/Frameworks",
				);
				MARKETING_VERSION = 1.0;
				PRODUCT_BUNDLE_IDENTIFIER = com.adamsmith.TakeHomeProject;
				PRODUCT_NAME = "$(TARGET_NAME)";
				SWIFT_EMIT_LOC_STRINGS = YES;
				SWIFT_VERSION = 5.0;
				TARGETED_DEVICE_FAMILY = "1,2";
			};
			name = Debug;
		};
		C250679D280CED1B001DE4A8 /* Release */ = {
			isa = XCBuildConfiguration;
			buildSettings = {
				ASSETCATALOG_COMPILER_APPICON_NAME = AppIcon;
				ASSETCATALOG_COMPILER_GLOBAL_ACCENT_COLOR_NAME = AccentColor;
				CODE_SIGN_STYLE = Automatic;
				CURRENT_PROJECT_VERSION = 1;
				DEVELOPMENT_TEAM = 9DXP3CGV77;
				GENERATE_INFOPLIST_FILE = YES;
				INFOPLIST_FILE = TakeHomeProject/Resources/Info.plist;
				INFOPLIST_KEY_UIApplicationSupportsIndirectInputEvents = YES;
				INFOPLIST_KEY_UILaunchStoryboardName = LaunchScreen;
				INFOPLIST_KEY_UIMainStoryboardFile = Main;
				INFOPLIST_KEY_UISupportedInterfaceOrientations_iPad = "UIInterfaceOrientationPortrait UIInterfaceOrientationPortraitUpsideDown UIInterfaceOrientationLandscapeLeft UIInterfaceOrientationLandscapeRight";
				INFOPLIST_KEY_UISupportedInterfaceOrientations_iPhone = "UIInterfaceOrientationPortrait UIInterfaceOrientationLandscapeLeft UIInterfaceOrientationLandscapeRight";
				LD_RUNPATH_SEARCH_PATHS = (
					"$(inherited)",
					"@executable_path/Frameworks",
				);
				MARKETING_VERSION = 1.0;
				PRODUCT_BUNDLE_IDENTIFIER = com.adamsmith.TakeHomeProject;
				PRODUCT_NAME = "$(TARGET_NAME)";
				SWIFT_EMIT_LOC_STRINGS = YES;
				SWIFT_VERSION = 5.0;
				TARGETED_DEVICE_FAMILY = "1,2";
			};
			name = Release;
		};
/* End XCBuildConfiguration section */

/* Begin XCConfigurationList section */
		C2506782280CED19001DE4A8 /* Build configuration list for PBXProject "TakeHomeProject" */ = {
			isa = XCConfigurationList;
			buildConfigurations = (
				C2506799280CED1B001DE4A8 /* Debug */,
				C250679A280CED1B001DE4A8 /* Release */,
			);
			defaultConfigurationIsVisible = 0;
			defaultConfigurationName = Release;
		};
		C250679B280CED1B001DE4A8 /* Build configuration list for PBXNativeTarget "TakeHomeProject" */ = {
			isa = XCConfigurationList;
			buildConfigurations = (
				C250679C280CED1B001DE4A8 /* Debug */,
				C250679D280CED1B001DE4A8 /* Release */,
			);
			defaultConfigurationIsVisible = 0;
			defaultConfigurationName = Release;
		};
/* End XCConfigurationList section */
	};
	rootObject = C250677F280CED19001DE4A8 /* Project object */;
}
